Microsoft Visual Studio Solution File, Format Version 11.00
# Visual Studio 2008

Project("{CF4DC8DA-8D23-CCF4-57EA-4F6A0AD21053}") = "davis_brad_HW3", "Assembly-CSharp-firstpass.csproj", "{240267D7-CEAE-E535-3111-2DAB635FC83B}"
EndProject
Project("{CF4DC8DA-8D23-CCF4-57EA-4F6A0AD21053}") = "davis_brad_HW3", "Assembly-CSharp-Editor.csproj", "{D9FD1A11-E4F1-00D8-851B-45AE42DA62C9}"
EndProject
Global
	GlobalSection(SolutionConfigurationPlatforms) = preSolution
		Debug|Any CPU = Debug|Any CPU
		Release|Any CPU = Release|Any CPU
	EndGlobalSection
	GlobalSection(ProjectConfigurationPlatforms) = postSolution
		{240267D7-CEAE-E535-3111-2DAB635FC83B}.Debug|Any CPU.ActiveCfg = Debug|Any CPU
		{240267D7-CEAE-E535-3111-2DAB635FC83B}.Debug|Any CPU.Build.0 = Debug|Any CPU
		{240267D7-CEAE-E535-3111-2DAB635FC83B}.Release|Any CPU.ActiveCfg = Release|Any CPU
		{240267D7-CEAE-E535-3111-2DAB635FC83B}.Release|Any CPU.Build.0 = Release|Any CPU
		{D9FD1A11-E4F1-00D8-851B-45AE42DA62C9}.Debug|Any CPU.ActiveCfg = Debug|Any CPU
		{D9FD1A11-E4F1-00D8-851B-45AE42DA62C9}.Debug|Any CPU.Build.0 = Debug|Any CPU
		{D9FD1A11-E4F1-00D8-851B-45AE42DA62C9}.Release|Any CPU.ActiveCfg = Release|Any CPU
		{D9FD1A11-E4F1-00D8-851B-45AE42DA62C9}.Release|Any CPU.Build.0 = Release|Any CPU
	EndGlobalSection
	GlobalSection(SolutionProperties) = preSolution
		HideSolutionNode = FALSE
	EndGlobalSection
	GlobalSection(MonoDevelopProperties) = preSolution
		StartupItem = Assembly-CSharp.csproj
	EndGlobalSection
EndGlobal
